
Microsoft Visual Studio Solution File, Format Version 12.00
# Visual Studio Version 17
VisualStudioVersion = 17.5.002.0
MinimumVisualStudioVersion = 10.0.40219.1
Project("{9A19103F-16F7-4668-BE54-9A1E7A4F7556}") = "CrudTest", "CrudTest.csproj", "{EDC500F1-7A67-4C33-993C-313C6302FDBF}"
EndProject
Global
	GlobalSection(SolutionConfigurationPlatforms) = preSolution
		Debug|Any CPU = Debug|Any CPU
		Release|Any CPU = Release|Any CPU
	EndGlobalSection
	GlobalSection(ProjectConfigurationPlatforms) = postSolution
		{EDC500F1-7A67-4C33-993C-313C6302FDBF}.Debug|Any CPU.ActiveCfg = Debug|Any CPU
		{EDC500F1-7A67-4C33-993C-313C6302FDBF}.Debug|Any CPU.Build.0 = Debug|Any CPU
		{EDC500F1-7A67-4C33-993C-313C6302FDBF}.Release|Any CPU.ActiveCfg = Release|Any CPU
		{EDC500F1-7A67-4C33-993C-313C6302FDBF}.Release|Any CPU.Build.0 = Release|Any CPU
	EndGlobalSection
	GlobalSection(SolutionProperties) = preSolution
		HideSolutionNode = FALSE
	EndGlobalSection
	GlobalSection(ExtensibilityGlobals) = postSolution
		SolutionGuid = {DCBBCE7D-23CF-43B0-B9CF-37AAE18463F0}
	EndGlobalSection
EndGlobal
